{
  "name": "js-sdk-example",
  "version": "1.0.0",
  "lockfileVersion": 2,
  "requires": true,
  "packages": {
    "": {
      "name": "js-sdk-example",
      "version": "1.0.0",
      "license": "ISC",
      "dependencies": {
        "@daggle/bacalhau-js": "file:../js-sdk"
      }
    },
    "../js-sdk": {
      "name": "@daggle/bacalhau-js",
      "version": "0.0.1",
      "license": "ISC",
      "dependencies": {
        "axios": "^1.4.0",
        "crypto": "^1.0.1",
        "request": "^2.88.2"
      },
      "devDependencies": {}
    },
    "node_modules/@daggle/bacalhau-js": {
      "resolved": "../js-sdk",
      "link": true
    }
  },
  "dependencies": {
    "@daggle/bacalhau-js": {
      "version": "file:../js-sdk",
      "requires": {
        "axios": "^1.4.0",
        "crypto": "^1.0.1",
        "request": "^2.88.2"
      }
    }
  }
}
